
Microsoft Visual Studio Solution File, Format Version 12.00
# Visual Studio 15
Project("{FAE04EC0-301F-11D3-BF4B-00C04F79EFBC}") = "0813", "Assembly-CSharp.csproj", "{7C742BD5-E419-9148-36F8-2815F9ED2216}"
EndProject
Project("{FAE04EC0-301F-11D3-BF4B-00C04F79EFBC}") = "0813", "Assembly-CSharp-Editor.csproj", "{A27A2F40-C92E-F712-9003-B988BFA31AD4}"
EndProject
Global
	GlobalSection(SolutionConfigurationPlatforms) = preSolution
		Debug|Any CPU = Debug|Any CPU
		Release|Any CPU = Release|Any CPU
	EndGlobalSection
	GlobalSection(ProjectConfigurationPlatforms) = postSolution
		{7C742BD5-E419-9148-36F8-2815F9ED2216}.Debug|Any CPU.ActiveCfg = Debug|Any CPU
		{7C742BD5-E419-9148-36F8-2815F9ED2216}.Debug|Any CPU.Build.0 = Debug|Any CPU
		{7C742BD5-E419-9148-36F8-2815F9ED2216}.Release|Any CPU.ActiveCfg = Release|Any CPU
		{7C742BD5-E419-9148-36F8-2815F9ED2216}.Release|Any CPU.Build.0 = Release|Any CPU
		{A27A2F40-C92E-F712-9003-B988BFA31AD4}.Debug|Any CPU.ActiveCfg = Debug|Any CPU
		{A27A2F40-C92E-F712-9003-B988BFA31AD4}.Debug|Any CPU.Build.0 = Debug|Any CPU
		{A27A2F40-C92E-F712-9003-B988BFA31AD4}.Release|Any CPU.ActiveCfg = Release|Any CPU
		{A27A2F40-C92E-F712-9003-B988BFA31AD4}.Release|Any CPU.Build.0 = Release|Any CPU
	EndGlobalSection
	GlobalSection(SolutionProperties) = preSolution
		HideSolutionNode = FALSE
	EndGlobalSection
EndGlobal
