
Microsoft Visual Studio Solution File, Format Version 12.00
# Visual Studio 15
Project("{FAE04EC0-301F-11D3-BF4B-00C04F79EFBC}") = "0904", "Assembly-CSharp.csproj", "{32F1DA67-5DBB-C5ED-23FD-87F4406DA39B}"
EndProject
Project("{FAE04EC0-301F-11D3-BF4B-00C04F79EFBC}") = "0904", "Assembly-CSharp-Editor.csproj", "{AB40C09F-BC60-7C50-D2C6-52FF4812A6BD}"
EndProject
Global
	GlobalSection(SolutionConfigurationPlatforms) = preSolution
		Debug|Any CPU = Debug|Any CPU
		Release|Any CPU = Release|Any CPU
	EndGlobalSection
	GlobalSection(ProjectConfigurationPlatforms) = postSolution
		{32F1DA67-5DBB-C5ED-23FD-87F4406DA39B}.Debug|Any CPU.ActiveCfg = Debug|Any CPU
		{32F1DA67-5DBB-C5ED-23FD-87F4406DA39B}.Debug|Any CPU.Build.0 = Debug|Any CPU
		{32F1DA67-5DBB-C5ED-23FD-87F4406DA39B}.Release|Any CPU.ActiveCfg = Release|Any CPU
		{32F1DA67-5DBB-C5ED-23FD-87F4406DA39B}.Release|Any CPU.Build.0 = Release|Any CPU
		{AB40C09F-BC60-7C50-D2C6-52FF4812A6BD}.Debug|Any CPU.ActiveCfg = Debug|Any CPU
		{AB40C09F-BC60-7C50-D2C6-52FF4812A6BD}.Debug|Any CPU.Build.0 = Debug|Any CPU
		{AB40C09F-BC60-7C50-D2C6-52FF4812A6BD}.Release|Any CPU.ActiveCfg = Release|Any CPU
		{AB40C09F-BC60-7C50-D2C6-52FF4812A6BD}.Release|Any CPU.Build.0 = Release|Any CPU
	EndGlobalSection
	GlobalSection(SolutionProperties) = preSolution
		HideSolutionNode = FALSE
	EndGlobalSection
EndGlobal
