
Microsoft Visual Studio Solution File, Format Version 12.00
# Visual Studio 15
Project("{FAE04EC0-301F-11D3-BF4B-00C04F79EFBC}") = "0913", "Assembly-CSharp.csproj", "{0A28A282-DBFE-9DD7-AE8D-E6733E53BED1}"
EndProject
Project("{FAE04EC0-301F-11D3-BF4B-00C04F79EFBC}") = "0913", "Assembly-CSharp-Editor.csproj", "{FA9BF951-50AC-1D0A-5821-5471BEA6C60E}"
EndProject
Global
	GlobalSection(SolutionConfigurationPlatforms) = preSolution
		Debug|Any CPU = Debug|Any CPU
		Release|Any CPU = Release|Any CPU
	EndGlobalSection
	GlobalSection(ProjectConfigurationPlatforms) = postSolution
		{0A28A282-DBFE-9DD7-AE8D-E6733E53BED1}.Debug|Any CPU.ActiveCfg = Debug|Any CPU
		{0A28A282-DBFE-9DD7-AE8D-E6733E53BED1}.Debug|Any CPU.Build.0 = Debug|Any CPU
		{0A28A282-DBFE-9DD7-AE8D-E6733E53BED1}.Release|Any CPU.ActiveCfg = Release|Any CPU
		{0A28A282-DBFE-9DD7-AE8D-E6733E53BED1}.Release|Any CPU.Build.0 = Release|Any CPU
		{FA9BF951-50AC-1D0A-5821-5471BEA6C60E}.Debug|Any CPU.ActiveCfg = Debug|Any CPU
		{FA9BF951-50AC-1D0A-5821-5471BEA6C60E}.Debug|Any CPU.Build.0 = Debug|Any CPU
		{FA9BF951-50AC-1D0A-5821-5471BEA6C60E}.Release|Any CPU.ActiveCfg = Release|Any CPU
		{FA9BF951-50AC-1D0A-5821-5471BEA6C60E}.Release|Any CPU.Build.0 = Release|Any CPU
	EndGlobalSection
	GlobalSection(SolutionProperties) = preSolution
		HideSolutionNode = FALSE
	EndGlobalSection
EndGlobal
