
Microsoft Visual Studio Solution File, Format Version 12.00
# Visual Studio 15
Project("{FAE04EC0-301F-11D3-BF4B-00C04F79EFBC}") = "0921 (2)", "Assembly-CSharp.csproj", "{8180F139-0275-22BC-5AF7-77B4506E592C}"
EndProject
Project("{FAE04EC0-301F-11D3-BF4B-00C04F79EFBC}") = "0921 (2)", "Assembly-CSharp-Editor.csproj", "{D1CDEDD7-4F75-D424-B08B-BD05180AC7D4}"
EndProject
Global
	GlobalSection(SolutionConfigurationPlatforms) = preSolution
		Debug|Any CPU = Debug|Any CPU
		Release|Any CPU = Release|Any CPU
	EndGlobalSection
	GlobalSection(ProjectConfigurationPlatforms) = postSolution
		{8180F139-0275-22BC-5AF7-77B4506E592C}.Debug|Any CPU.ActiveCfg = Debug|Any CPU
		{8180F139-0275-22BC-5AF7-77B4506E592C}.Debug|Any CPU.Build.0 = Debug|Any CPU
		{8180F139-0275-22BC-5AF7-77B4506E592C}.Release|Any CPU.ActiveCfg = Release|Any CPU
		{8180F139-0275-22BC-5AF7-77B4506E592C}.Release|Any CPU.Build.0 = Release|Any CPU
		{D1CDEDD7-4F75-D424-B08B-BD05180AC7D4}.Debug|Any CPU.ActiveCfg = Debug|Any CPU
		{D1CDEDD7-4F75-D424-B08B-BD05180AC7D4}.Debug|Any CPU.Build.0 = Debug|Any CPU
		{D1CDEDD7-4F75-D424-B08B-BD05180AC7D4}.Release|Any CPU.ActiveCfg = Release|Any CPU
		{D1CDEDD7-4F75-D424-B08B-BD05180AC7D4}.Release|Any CPU.Build.0 = Release|Any CPU
	EndGlobalSection
	GlobalSection(SolutionProperties) = preSolution
		HideSolutionNode = FALSE
	EndGlobalSection
EndGlobal
