
Microsoft Visual Studio Solution File, Format Version 12.00
# Visual Studio 15
Project("{FAE04EC0-301F-11D3-BF4B-00C04F79EFBC}") = "0928(페인팅만 잘 돌아가는것)", "Assembly-CSharp.csproj", "{B7E27AC1-D659-6B29-CCF8-3E34C674A3B1}"
EndProject
Project("{FAE04EC0-301F-11D3-BF4B-00C04F79EFBC}") = "0928(페인팅만 잘 돌아가는것)", "Assembly-CSharp-Editor.csproj", "{DC71D1EB-EA28-7BF8-225A-CB32EDABD5EA}"
EndProject
Global
	GlobalSection(SolutionConfigurationPlatforms) = preSolution
		Debug|Any CPU = Debug|Any CPU
		Release|Any CPU = Release|Any CPU
	EndGlobalSection
	GlobalSection(ProjectConfigurationPlatforms) = postSolution
		{B7E27AC1-D659-6B29-CCF8-3E34C674A3B1}.Debug|Any CPU.ActiveCfg = Debug|Any CPU
		{B7E27AC1-D659-6B29-CCF8-3E34C674A3B1}.Debug|Any CPU.Build.0 = Debug|Any CPU
		{B7E27AC1-D659-6B29-CCF8-3E34C674A3B1}.Release|Any CPU.ActiveCfg = Release|Any CPU
		{B7E27AC1-D659-6B29-CCF8-3E34C674A3B1}.Release|Any CPU.Build.0 = Release|Any CPU
		{DC71D1EB-EA28-7BF8-225A-CB32EDABD5EA}.Debug|Any CPU.ActiveCfg = Debug|Any CPU
		{DC71D1EB-EA28-7BF8-225A-CB32EDABD5EA}.Debug|Any CPU.Build.0 = Debug|Any CPU
		{DC71D1EB-EA28-7BF8-225A-CB32EDABD5EA}.Release|Any CPU.ActiveCfg = Release|Any CPU
		{DC71D1EB-EA28-7BF8-225A-CB32EDABD5EA}.Release|Any CPU.Build.0 = Release|Any CPU
	EndGlobalSection
	GlobalSection(SolutionProperties) = preSolution
		HideSolutionNode = FALSE
	EndGlobalSection
EndGlobal
