
Microsoft Visual Studio Solution File, Format Version 12.00
# Visual Studio 15
Project("{FAE04EC0-301F-11D3-BF4B-00C04F79EFBC}") = "1016", "Assembly-CSharp.csproj", "{35D87F89-00D6-193E-963C-E54A660CB04F}"
EndProject
Project("{FAE04EC0-301F-11D3-BF4B-00C04F79EFBC}") = "1016", "Assembly-CSharp-Editor.csproj", "{E9C05CA9-499D-D15C-1DCF-B4D4D04396E5}"
EndProject
Global
	GlobalSection(SolutionConfigurationPlatforms) = preSolution
		Debug|Any CPU = Debug|Any CPU
		Release|Any CPU = Release|Any CPU
	EndGlobalSection
	GlobalSection(ProjectConfigurationPlatforms) = postSolution
		{35D87F89-00D6-193E-963C-E54A660CB04F}.Debug|Any CPU.ActiveCfg = Debug|Any CPU
		{35D87F89-00D6-193E-963C-E54A660CB04F}.Debug|Any CPU.Build.0 = Debug|Any CPU
		{35D87F89-00D6-193E-963C-E54A660CB04F}.Release|Any CPU.ActiveCfg = Release|Any CPU
		{35D87F89-00D6-193E-963C-E54A660CB04F}.Release|Any CPU.Build.0 = Release|Any CPU
		{E9C05CA9-499D-D15C-1DCF-B4D4D04396E5}.Debug|Any CPU.ActiveCfg = Debug|Any CPU
		{E9C05CA9-499D-D15C-1DCF-B4D4D04396E5}.Debug|Any CPU.Build.0 = Debug|Any CPU
		{E9C05CA9-499D-D15C-1DCF-B4D4D04396E5}.Release|Any CPU.ActiveCfg = Release|Any CPU
		{E9C05CA9-499D-D15C-1DCF-B4D4D04396E5}.Release|Any CPU.Build.0 = Release|Any CPU
	EndGlobalSection
	GlobalSection(SolutionProperties) = preSolution
		HideSolutionNode = FALSE
	EndGlobalSection
EndGlobal
